
Microsoft Visual Studio Solution File, Format Version 12.00
# Visual Studio Version 16
VisualStudioVersion = 16.0.31205.134
MinimumVisualStudioVersion = 10.0.40219.1
Project("{FAE04EC0-301F-11D3-BF4B-00C04F79EFBC}") = "project1summer", "project1summer.csproj", "{0D494DAD-CEF5-423B-A67F-A37B7B964EE8}"
EndProject
Global
	GlobalSection(SolutionConfigurationPlatforms) = preSolution
		Debug|Any CPU = Debug|Any CPU
		Release|Any CPU = Release|Any CPU
	EndGlobalSection
	GlobalSection(ProjectConfigurationPlatforms) = postSolution
		{0D494DAD-CEF5-423B-A67F-A37B7B964EE8}.Debug|Any CPU.ActiveCfg = Debug|Any CPU
		{0D494DAD-CEF5-423B-A67F-A37B7B964EE8}.Debug|Any CPU.Build.0 = Debug|Any CPU
		{0D494DAD-CEF5-423B-A67F-A37B7B964EE8}.Release|Any CPU.ActiveCfg = Release|Any CPU
		{0D494DAD-CEF5-423B-A67F-A37B7B964EE8}.Release|Any CPU.Build.0 = Release|Any CPU
	EndGlobalSection
	GlobalSection(SolutionProperties) = preSolution
		HideSolutionNode = FALSE
	EndGlobalSection
	GlobalSection(ExtensibilityGlobals) = postSolution
		SolutionGuid = {1EC35279-788C-4AB6-A2AA-68634F56ED5E}
	EndGlobalSection
EndGlobal
